
Microsoft Visual Studio Solution File, Format Version 12.00
# Visual Studio Version 17
VisualStudioVersion = 17.3.32804.467
MinimumVisualStudioVersion = 10.0.40219.1
Project("{8BC9CEB8-8B4A-11D0-8D11-00A0C91BC942}") = "DataContainers", "DataContainers\DataContainers.vcxproj", "{DECE5F57-1398-4D06-9F9A-3541FE299E38}"
EndProject
Project("{8BC9CEB8-8B4A-11D0-8D11-00A0C91BC942}") = "ForwardList", "ForwardList\ForwardList.vcxproj", "{0EAE44D0-F561-470B-8ED3-F114E1233165}"
EndProject
Project("{8BC9CEB8-8B4A-11D0-8D11-00A0C91BC942}") = "List2", "List2\List2.vcxproj", "{7380F257-5D8E-477B-A81B-ADC194CE5ACA}"
EndProject
Global
	GlobalSection(SolutionConfigurationPlatforms) = preSolution
		Debug|x64 = Debug|x64
		Debug|x86 = Debug|x86
		Release|x64 = Release|x64
		Release|x86 = Release|x86
	EndGlobalSection
	GlobalSection(ProjectConfigurationPlatforms) = postSolution
		{DECE5F57-1398-4D06-9F9A-3541FE299E38}.Debug|x64.ActiveCfg = Debug|x64
		{DECE5F57-1398-4D06-9F9A-3541FE299E38}.Debug|x64.Build.0 = Debug|x64
		{DECE5F57-1398-4D06-9F9A-3541FE299E38}.Debug|x86.ActiveCfg = Debug|Win32
		{DECE5F57-1398-4D06-9F9A-3541FE299E38}.Debug|x86.Build.0 = Debug|Win32
		{DECE5F57-1398-4D06-9F9A-3541FE299E38}.Release|x64.ActiveCfg = Release|x64
		{DECE5F57-1398-4D06-9F9A-3541FE299E38}.Release|x64.Build.0 = Release|x64
		{DECE5F57-1398-4D06-9F9A-3541FE299E38}.Release|x86.ActiveCfg = Release|Win32
		{DECE5F57-1398-4D06-9F9A-3541FE299E38}.Release|x86.Build.0 = Release|Win32
		{0EAE44D0-F561-470B-8ED3-F114E1233165}.Debug|x64.ActiveCfg = Debug|x64
		{0EAE44D0-F561-470B-8ED3-F114E1233165}.Debug|x64.Build.0 = Debug|x64
		{0EAE44D0-F561-470B-8ED3-F114E1233165}.Debug|x86.ActiveCfg = Debug|Win32
		{0EAE44D0-F561-470B-8ED3-F114E1233165}.Debug|x86.Build.0 = Debug|Win32
		{0EAE44D0-F561-470B-8ED3-F114E1233165}.Release|x64.ActiveCfg = Release|x64
		{0EAE44D0-F561-470B-8ED3-F114E1233165}.Release|x64.Build.0 = Release|x64
		{0EAE44D0-F561-470B-8ED3-F114E1233165}.Release|x86.ActiveCfg = Release|Win32
		{0EAE44D0-F561-470B-8ED3-F114E1233165}.Release|x86.Build.0 = Release|Win32
		{7380F257-5D8E-477B-A81B-ADC194CE5ACA}.Debug|x64.ActiveCfg = Debug|x64
		{7380F257-5D8E-477B-A81B-ADC194CE5ACA}.Debug|x64.Build.0 = Debug|x64
		{7380F257-5D8E-477B-A81B-ADC194CE5ACA}.Debug|x86.ActiveCfg = Debug|Win32
		{7380F257-5D8E-477B-A81B-ADC194CE5ACA}.Debug|x86.Build.0 = Debug|Win32
		{7380F257-5D8E-477B-A81B-ADC194CE5ACA}.Release|x64.ActiveCfg = Release|x64
		{7380F257-5D8E-477B-A81B-ADC194CE5ACA}.Release|x64.Build.0 = Release|x64
		{7380F257-5D8E-477B-A81B-ADC194CE5ACA}.Release|x86.ActiveCfg = Release|Win32
		{7380F257-5D8E-477B-A81B-ADC194CE5ACA}.Release|x86.Build.0 = Release|Win32
	EndGlobalSection
	GlobalSection(SolutionProperties) = preSolution
		HideSolutionNode = FALSE
	EndGlobalSection
	GlobalSection(ExtensibilityGlobals) = postSolution
		SolutionGuid = {B83B0E1D-C303-469D-9E17-AFD06E6FF37E}
	EndGlobalSection
EndGlobal
